
Microsoft Visual Studio Solution File, Format Version 12.00
# Visual Studio Version 17
VisualStudioVersion = 17.4.33122.133
MinimumVisualStudioVersion = 10.0.40219.1
Project("{FAE04EC0-301F-11D3-BF4B-00C04F79EFBC}") = "Theater", "Theater\Theater.csproj", "{EB4C5173-7A78-4CE8-856B-F90BD8B457EA}"
EndProject
Global
	GlobalSection(SolutionConfigurationPlatforms) = preSolution
		Debug|Any CPU = Debug|Any CPU
		Release|Any CPU = Release|Any CPU
	EndGlobalSection
	GlobalSection(ProjectConfigurationPlatforms) = postSolution
		{EB4C5173-7A78-4CE8-856B-F90BD8B457EA}.Debug|Any CPU.ActiveCfg = Debug|Any CPU
		{EB4C5173-7A78-4CE8-856B-F90BD8B457EA}.Debug|Any CPU.Build.0 = Debug|Any CPU
		{EB4C5173-7A78-4CE8-856B-F90BD8B457EA}.Release|Any CPU.ActiveCfg = Release|Any CPU
		{EB4C5173-7A78-4CE8-856B-F90BD8B457EA}.Release|Any CPU.Build.0 = Release|Any CPU
	EndGlobalSection
	GlobalSection(SolutionProperties) = preSolution
		HideSolutionNode = FALSE
	EndGlobalSection
	GlobalSection(ExtensibilityGlobals) = postSolution
		SolutionGuid = {168FB9C7-435F-45B3-B911-8DAF898D6B15}
	EndGlobalSection
EndGlobal
